// !$*UTF8*$!
{
	archiveVersion = 1;
	classes = {
	};
	objectVersion = 46;
	objects = {

/* Begin PBXBuildFile section */
		9B77FC0D1F1D5559008BAC33 /* AppDelegate.swift in Sources */ = {isa = PBXBuildFile; fileRef = 9B77FC0C1F1D5559008BAC33 /* AppDelegate.swift */; };
		9B77FC0F1F1D5559008BAC33 /* ViewController.swift in Sources */ = {isa = PBXBuildFile; fileRef = 9B77FC0E1F1D5559008BAC33 /* ViewController.swift */; };
		9B77FC121F1D5559008BAC33 /* Main.storyboard in Resources */ = {isa = PBXBuildFile; fileRef = 9B77FC101F1D5559008BAC33 /* Main.storyboard */; };
		9B77FC141F1D5559008BAC33 /* Assets.xcassets in Resources */ = {isa = PBXBuildFile; fileRef = 9B77FC131F1D5559008BAC33 /* Assets.xcassets */; };
		9B77FC171F1D5559008BAC33 /* LaunchScreen.storyboard in Resources */ = {isa = PBXBuildFile; fileRef = 9B77FC151F1D5559008BAC33 /* LaunchScreen.storyboard */; };
		9B77FC1F1F1D5D5A008BAC33 /* pg1.png in Resources */ = {isa = PBXBuildFile; fileRef = 9B77FC1E1F1D5D5A008BAC33 /* pg1.png */; };
		9B77FC221F1D5F8E008BAC33 /* logo.png in Resources */ = {isa = PBXBuildFile; fileRef = 9B77FC211F1D5F8E008BAC33 /* logo.png */; };
		9BCCE46A1F1EA1420069D76F /* MyaPapaya-Regular.ttf in Resources */ = {isa = PBXBuildFile; fileRef = 9BCCE4681F1EA1420069D76F /* MyaPapaya-Regular.ttf */; };
		9BCCE46B1F1EA1420069D76F /* english_essay.ttf in Resources */ = {isa = PBXBuildFile; fileRef = 9BCCE4691F1EA1420069D76F /* english_essay.ttf */; };
		9BCCE46E1F1EA3F90069D76F /* pg2.png in Resources */ = {isa = PBXBuildFile; fileRef = 9BCCE46D1F1EA3F90069D76F /* pg2.png */; };
		9BCCE4701F1EAC830069D76F /* ChecklistData.swift in Sources */ = {isa = PBXBuildFile; fileRef = 9BCCE46F1F1EAC830069D76F /* ChecklistData.swift */; };
/* End PBXBuildFile section */

/* Begin PBXFileReference section */
		9B77FC091F1D5559008BAC33 /* EvaluationFinal_SoaresD.app */ = {isa = PBXFileReference; explicitFileType = wrapper.application; includeInIndex = 0; path = EvaluationFinal_SoaresD.app; sourceTree = BUILT_PRODUCTS_DIR; };
		9B77FC0C1F1D5559008BAC33 /* AppDelegate.swift */ = {isa = PBXFileReference; lastKnownFileType = sourcecode.swift; path = AppDelegate.swift; sourceTree = "<group>"; };
		9B77FC0E1F1D5559008BAC33 /* ViewController.swift */ = {isa = PBXFileReference; lastKnownFileType = sourcecode.swift; path = ViewController.swift; sourceTree = "<group>"; };
		9B77FC111F1D5559008BAC33 /* Base */ = {isa = PBXFileReference; lastKnownFileType = file.storyboard; name = Base; path = Base.lproj/Main.storyboard; sourceTree = "<group>"; };
		9B77FC131F1D5559008BAC33 /* Assets.xcassets */ = {isa = PBXFileReference; lastKnownFileType = folder.assetcatalog; path = Assets.xcassets; sourceTree = "<group>"; };
		9B77FC161F1D5559008BAC33 /* Base */ = {isa = PBXFileReference; lastKnownFileType = file.storyboard; name = Base; path = Base.lproj/LaunchScreen.storyboard; sourceTree = "<group>"; };
		9B77FC181F1D5559008BAC33 /* Info.plist */ = {isa = PBXFileReference; lastKnownFileType = text.plist.xml; path = Info.plist; sourceTree = "<group>"; };
		9B77FC1E1F1D5D5A008BAC33 /* pg1.png */ = {isa = PBXFileReference; lastKnownFileType = image.png; name = pg1.png; path = Images/pg1.png; sourceTree = "<group>"; };
		9B77FC211F1D5F8E008BAC33 /* logo.png */ = {isa = PBXFileReference; lastKnownFileType = image.png; name = logo.png; path = Images/logo.png; sourceTree = "<group>"; };
		9BCCE4681F1EA1420069D76F /* MyaPapaya-Regular.ttf */ = {isa = PBXFileReference; lastKnownFileType = file; name = "MyaPapaya-Regular.ttf"; path = "Fonts/MyaPapaya-Regular.ttf"; sourceTree = "<group>"; };
		9BCCE4691F1EA1420069D76F /* english_essay.ttf */ = {isa = PBXFileReference; lastKnownFileType = file; name = english_essay.ttf; path = Fonts/english_essay.ttf; sourceTree = "<group>"; };
		9BCCE46D1F1EA3F90069D76F /* pg2.png */ = {isa = PBXFileReference; lastKnownFileType = image.png; name = pg2.png; path = Images/pg2.png; sourceTree = "<group>"; };
		9BCCE46F1F1EAC830069D76F /* ChecklistData.swift */ = {isa = PBXFileReference; fileEncoding = 4; lastKnownFileType = sourcecode.swift; path = ChecklistData.swift; sourceTree = "<group>"; };
/* End PBXFileReference section */

/* Begin PBXFrameworksBuildPhase section */
		9B77FC061F1D5559008BAC33 /* Frameworks */ = {
			isa = PBXFrameworksBuildPhase;
			buildActionMask = 2147483647;
			files = (
			);
			runOnlyForDeploymentPostprocessing = 0;
		};
/* End PBXFrameworksBuildPhase section */

/* Begin PBXGroup section */
		9B77FC001F1D5559008BAC33 = {
			isa = PBXGroup;
			children = (
				9B77FC0B1F1D5559008BAC33 /* EvaluationFinal_SoaresD */,
				9B77FC0A1F1D5559008BAC33 /* Products */,
			);
			sourceTree = "<group>";
		};
		9B77FC0A1F1D5559008BAC33 /* Products */ = {
			isa = PBXGroup;
			children = (
				9B77FC091F1D5559008BAC33 /* EvaluationFinal_SoaresD.app */,
			);
			name = Products;
			sourceTree = "<group>";
		};
		9B77FC0B1F1D5559008BAC33 /* EvaluationFinal_SoaresD */ = {
			isa = PBXGroup;
			children = (
				9BCCE46C1F1EA14C0069D76F /* Fonts */,
				9B77FC201F1D5D5E008BAC33 /* Images */,
				9B77FC0C1F1D5559008BAC33 /* AppDelegate.swift */,
				9B77FC0E1F1D5559008BAC33 /* ViewController.swift */,
				9BCCE46F1F1EAC830069D76F /* ChecklistData.swift */,
				9B77FC101F1D5559008BAC33 /* Main.storyboard */,
				9B77FC131F1D5559008BAC33 /* Assets.xcassets */,
				9B77FC151F1D5559008BAC33 /* LaunchScreen.storyboard */,
				9B77FC181F1D5559008BAC33 /* Info.plist */,
			);
			path = EvaluationFinal_SoaresD;
			sourceTree = "<group>";
		};
		9B77FC201F1D5D5E008BAC33 /* Images */ = {
			isa = PBXGroup;
			children = (
				9BCCE46D1F1EA3F90069D76F /* pg2.png */,
				9B77FC211F1D5F8E008BAC33 /* logo.png */,
				9B77FC1E1F1D5D5A008BAC33 /* pg1.png */,
			);
			name = Images;
			sourceTree = "<group>";
		};
		9BCCE46C1F1EA14C0069D76F /* Fonts */ = {
			isa = PBXGroup;
			children = (
				9BCCE4681F1EA1420069D76F /* MyaPapaya-Regular.ttf */,
				9BCCE4691F1EA1420069D76F /* english_essay.ttf */,
			);
			name = Fonts;
			sourceTree = "<group>";
		};
/* End PBXGroup section */

/* Begin PBXNativeTarget section */
		9B77FC081F1D5559008BAC33 /* EvaluationFinal_SoaresD */ = {
			isa = PBXNativeTarget;
			buildConfigurationList = 9B77FC1B1F1D5559008BAC33 /* Build configuration list for PBXNativeTarget "EvaluationFinal_SoaresD" */;
			buildPhases = (
				9B77FC051F1D5559008BAC33 /* Sources */,
				9B77FC061F1D5559008BAC33 /* Frameworks */,
				9B77FC071F1D5559008BAC33 /* Resources */,
			);
			buildRules = (
			);
			dependencies = (
			);
			name = EvaluationFinal_SoaresD;
			productName = EvaluationFinal_SoaresD;
			productReference = 9B77FC091F1D5559008BAC33 /* EvaluationFinal_SoaresD.app */;
			productType = "com.apple.product-type.application";
		};
/* End PBXNativeTarget section */

/* Begin PBXProject section */
		9B77FC011F1D5559008BAC33 /* Project object */ = {
			isa = PBXProject;
			attributes = {
				LastSwiftUpdateCheck = 0820;
				LastUpgradeCheck = 0820;
				ORGANIZATIONNAME = Diana;
				TargetAttributes = {
					9B77FC081F1D5559008BAC33 = {
						CreatedOnToolsVersion = 8.2;
						DevelopmentTeam = CK794M2HG3;
						ProvisioningStyle = Automatic;
					};
				};
			};
			buildConfigurationList = 9B77FC041F1D5559008BAC33 /* Build configuration list for PBXProject "EvaluationFinal_SoaresD" */;
			compatibilityVersion = "Xcode 3.2";
			developmentRegion = English;
			hasScannedForEncodings = 0;
			knownRegions = (
				en,
				Base,
			);
			mainGroup = 9B77FC001F1D5559008BAC33;
			productRefGroup = 9B77FC0A1F1D5559008BAC33 /* Products */;
			projectDirPath = "";
			projectRoot = "";
			targets = (
				9B77FC081F1D5559008BAC33 /* EvaluationFinal_SoaresD */,
			);
		};
/* End PBXProject section */

/* Begin PBXResourcesBuildPhase section */
		9B77FC071F1D5559008BAC33 /* Resources */ = {
			isa = PBXResourcesBuildPhase;
			buildActionMask = 2147483647;
			files = (
				9B77FC171F1D5559008BAC33 /* LaunchScreen.storyboard in Resources */,
				9B77FC221F1D5F8E008BAC33 /* logo.png in Resources */,
				9B77FC141F1D5559008BAC33 /* Assets.xcassets in Resources */,
				9BCCE46E1F1EA3F90069D76F /* pg2.png in Resources */,
				9BCCE46A1F1EA1420069D76F /* MyaPapaya-Regular.ttf in Resources */,
				9B77FC1F1F1D5D5A008BAC33 /* pg1.png in Resources */,
				9B77FC121F1D5559008BAC33 /* Main.storyboard in Resources */,
				9BCCE46B1F1EA1420069D76F /* english_essay.ttf in Resources */,
			);
			runOnlyForDeploymentPostprocessing = 0;
		};
/* End PBXResourcesBuildPhase section */

/* Begin PBXSourcesBuildPhase section */
		9B77FC051F1D5559008BAC33 /* Sources */ = {
			isa = PBXSourcesBuildPhase;
			buildActionMask = 2147483647;
			files = (
				9B77FC0F1F1D5559008BAC33 /* ViewController.swift in Sources */,
				9B77FC0D1F1D5559008BAC33 /* AppDelegate.swift in Sources */,
				9BCCE4701F1EAC830069D76F /* ChecklistData.swift in Sources */,
			);
			runOnlyForDeploymentPostprocessing = 0;
		};
/* End PBXSourcesBuildPhase section */

/* Begin PBXVariantGroup section */
		9B77FC101F1D5559008BAC33 /* Main.storyboard */ = {
			isa = PBXVariantGroup;
			children = (
				9B77FC111F1D5559008BAC33 /* Base */,
			);
			name = Main.storyboard;
			sourceTree = "<group>";
		};
		9B77FC151F1D5559008BAC33 /* LaunchScreen.storyboard */ = {
			isa = PBXVariantGroup;
			children = (
				9B77FC161F1D5559008BAC33 /* Base */,
			);
			name = LaunchScreen.storyboard;
			sourceTree = "<group>";
		};
/* End PBXVariantGroup section */

/* Begin XCBuildConfiguration section */
		9B77FC191F1D5559008BAC33 /* Debug */ = {
			isa = XCBuildConfiguration;
			buildSettings = {
				ALWAYS_SEARCH_USER_PATHS = NO;
				CLANG_ANALYZER_NONNULL = YES;
				CLANG_CXX_LANGUAGE_STANDARD = "gnu++0x";
				CLANG_CXX_LIBRARY = "libc++";
				CLANG_ENABLE_MODULES = YES;
				CLANG_ENABLE_OBJC_ARC = YES;
				CLANG_WARN_BOOL_CONVERSION = YES;
				CLANG_WARN_CONSTANT_CONVERSION = YES;
				CLANG_WARN_DIRECT_OBJC_ISA_USAGE = YES_ERROR;
				CLANG_WARN_DOCUMENTATION_COMMENTS = YES;
				CLANG_WARN_EMPTY_BODY = YES;
				CLANG_WARN_ENUM_CONVERSION = YES;
				CLANG_WARN_INFINITE_RECURSION = YES;
				CLANG_WARN_INT_CONVERSION = YES;
				CLANG_WARN_OBJC_ROOT_CLASS = YES_ERROR;
				CLANG_WARN_SUSPICIOUS_MOVE = YES;
				CLANG_WARN_UNREACHABLE_CODE = YES;
				CLANG_WARN__DUPLICATE_METHOD_MATCH = YES;
				"CODE_SIGN_IDENTITY[sdk=iphoneos*]" = "iPhone Developer";
				COPY_PHASE_STRIP = NO;
				DEBUG_INFORMATION_FORMAT = dwarf;
				ENABLE_STRICT_OBJC_MSGSEND = YES;
				ENABLE_TESTABILITY = YES;
				GCC_C_LANGUAGE_STANDARD = gnu99;
				GCC_DYNAMIC_NO_PIC = NO;
				GCC_NO_COMMON_BLOCKS = YES;
				GCC_OPTIMIZATION_LEVEL = 0;
				GCC_PREPROCESSOR_DEFINITIONS = (
					"DEBUG=1",
					"$(inherited)",
				);
				GCC_WARN_64_TO_32_BIT_CONVERSION = YES;
				GCC_WARN_ABOUT_RETURN_TYPE = YES_ERROR;
				GCC_WARN_UNDECLARED_SELECTOR = YES;
				GCC_WARN_UNINITIALIZED_AUTOS = YES_AGGRESSIVE;
				GCC_WARN_UNUSED_FUNCTION = YES;
				GCC_WARN_UNUSED_VARIABLE = YES;
				IPHONEOS_DEPLOYMENT_TARGET = 10.2;
				MTL_ENABLE_DEBUG_INFO = YES;
				ONLY_ACTIVE_ARCH = YES;
				SDKROOT = iphoneos;
				SWIFT_ACTIVE_COMPILATION_CONDITIONS = DEBUG;
				SWIFT_OPTIMIZATION_LEVEL = "-Onone";
				TARGETED_DEVICE_FAMILY = "1,2";
			};
			name = Debug;
		};
		9B77FC1A1F1D5559008BAC33 /* Release */ = {
			isa = XCBuildConfiguration;
			buildSettings = {
				ALWAYS_SEARCH_USER_PATHS = NO;
				CLANG_ANALYZER_NONNULL = YES;
				CLANG_CXX_LANGUAGE_STANDARD = "gnu++0x";
				CLANG_CXX_LIBRARY = "libc++";
				CLANG_ENABLE_MODULES = YES;
				CLANG_ENABLE_OBJC_ARC = YES;
				CLANG_WARN_BOOL_CONVERSION = YES;
				CLANG_WARN_CONSTANT_CONVERSION = YES;
				CLANG_WARN_DIRECT_OBJC_ISA_USAGE = YES_ERROR;
				CLANG_WARN_DOCUMENTATION_COMMENTS = YES;
				CLANG_WARN_EMPTY_BODY = YES;
				CLANG_WARN_ENUM_CONVERSION = YES;
				CLANG_WARN_INFINITE_RECURSION = YES;
				CLANG_WARN_INT_CONVERSION = YES;
				CLANG_WARN_OBJC_ROOT_CLASS = YES_ERROR;
				CLANG_WARN_SUSPICIOUS_MOVE = YES;
				CLANG_WARN_UNREACHABLE_CODE = YES;
				CLANG_WARN__DUPLICATE_METHOD_MATCH = YES;
				"CODE_SIGN_IDENTITY[sdk=iphoneos*]" = "iPhone Developer";
				COPY_PHASE_STRIP = NO;
				DEBUG_INFORMATION_FORMAT = "dwarf-with-dsym";
				ENABLE_NS_ASSERTIONS = NO;
				ENABLE_STRICT_OBJC_MSGSEND = YES;
				GCC_C_LANGUAGE_STANDARD = gnu99;
				GCC_NO_COMMON_BLOCKS = YES;
				GCC_WARN_64_TO_32_BIT_CONVERSION = YES;
				GCC_WARN_ABOUT_RETURN_TYPE = YES_ERROR;
				GCC_WARN_UNDECLARED_SELECTOR = YES;
				GCC_WARN_UNINITIALIZED_AUTOS = YES_AGGRESSIVE;
				GCC_WARN_UNUSED_FUNCTION = YES;
				GCC_WARN_UNUSED_VARIABLE = YES;
				IPHONEOS_DEPLOYMENT_TARGET = 10.2;
				MTL_ENABLE_DEBUG_INFO = NO;
				SDKROOT = iphoneos;
				SWIFT_OPTIMIZATION_LEVEL = "-Owholemodule";
				TARGETED_DEVICE_FAMILY = "1,2";
				VALIDATE_PRODUCT = YES;
			};
			name = Release;
		};
		9B77FC1C1F1D5559008BAC33 /* Debug */ = {
			isa = XCBuildConfiguration;
			buildSettings = {
				ASSETCATALOG_COMPILER_APPICON_NAME = AppIcon;
				DEVELOPMENT_TEAM = CK794M2HG3;
				INFOPLIST_FILE = EvaluationFinal_SoaresD/Info.plist;
				LD_RUNPATH_SEARCH_PATHS = "$(inherited) @executable_path/Frameworks";
				PRODUCT_BUNDLE_IDENTIFIER = "C1.EvaluationFinal-SoaresD";
				PRODUCT_NAME = "$(TARGET_NAME)";
				SWIFT_VERSION = 3.0;
			};
			name = Debug;
		};
		9B77FC1D1F1D5559008BAC33 /* Release */ = {
			isa = XCBuildConfiguration;
			buildSettings = {
				ASSETCATALOG_COMPILER_APPICON_NAME = AppIcon;
				DEVELOPMENT_TEAM = CK794M2HG3;
				INFOPLIST_FILE = EvaluationFinal_SoaresD/Info.plist;
				LD_RUNPATH_SEARCH_PATHS = "$(inherited) @executable_path/Frameworks";
				PRODUCT_BUNDLE_IDENTIFIER = "C1.EvaluationFinal-SoaresD";
				PRODUCT_NAME = "$(TARGET_NAME)";
				SWIFT_VERSION = 3.0;
			};
			name = Release;
		};
/* End XCBuildConfiguration section */

/* Begin XCConfigurationList section */
		9B77FC041F1D5559008BAC33 /* Build configuration list for PBXProject "EvaluationFinal_SoaresD" */ = {
			isa = XCConfigurationList;
			buildConfigurations = (
				9B77FC191F1D5559008BAC33 /* Debug */,
				9B77FC1A1F1D5559008BAC33 /* Release */,
			);
			defaultConfigurationIsVisible = 0;
			defaultConfigurationName = Release;
		};
		9B77FC1B1F1D5559008BAC33 /* Build configuration list for PBXNativeTarget "EvaluationFinal_SoaresD" */ = {
			isa = XCConfigurationList;
			buildConfigurations = (
				9B77FC1C1F1D5559008BAC33 /* Debug */,
				9B77FC1D1F1D5559008BAC33 /* Release */,
			);
			defaultConfigurationIsVisible = 0;
			defaultConfigurationName = Release;
		};
/* End XCConfigurationList section */
	};
	rootObject = 9B77FC011F1D5559008BAC33 /* Project object */;
}
